
Microsoft Visual Studio Solution File, Format Version 12.00
# Visual Studio Version 16
VisualStudioVersion = 25.0.1706.0
MinimumVisualStudioVersion = 10.0.40219.1
Project("{FAE04EC0-301F-11D3-BF4B-00C04F79EFBC}") = "Middleware.Intercom", "mw-intercom\Middleware.Intercom\Middleware.Intercom.csproj", "{87288BEE-7A8E-4B25-A84D-7B8C7CFF71F4}"
EndProject
Project("{FAE04EC0-301F-11D3-BF4B-00C04F79EFBC}") = "Service-API", "Service-API\Service-API.csproj", "{35E5DC54-CA1C-45C3-8312-6300DF1599C1}"
EndProject
Project("{FAE04EC0-301F-11D3-BF4B-00C04F79EFBC}") = "Middleware.Shared", "mw-shared\Middleware.Shared\Middleware.Shared.csproj", "{4DC9A16D-A551-4B78-9DC3-6A604FC6F627}"
EndProject
Global
	GlobalSection(SolutionConfigurationPlatforms) = preSolution
		Debug|Any CPU = Debug|Any CPU
		Release|Any CPU = Release|Any CPU
	EndGlobalSection
	GlobalSection(ProjectConfigurationPlatforms) = postSolution
		{87288BEE-7A8E-4B25-A84D-7B8C7CFF71F4}.Debug|Any CPU.ActiveCfg = Debug|Any CPU
		{87288BEE-7A8E-4B25-A84D-7B8C7CFF71F4}.Debug|Any CPU.Build.0 = Debug|Any CPU
		{87288BEE-7A8E-4B25-A84D-7B8C7CFF71F4}.Release|Any CPU.ActiveCfg = Release|Any CPU
		{87288BEE-7A8E-4B25-A84D-7B8C7CFF71F4}.Release|Any CPU.Build.0 = Release|Any CPU
		{35E5DC54-CA1C-45C3-8312-6300DF1599C1}.Debug|Any CPU.ActiveCfg = Debug|Any CPU
		{35E5DC54-CA1C-45C3-8312-6300DF1599C1}.Debug|Any CPU.Build.0 = Debug|Any CPU
		{35E5DC54-CA1C-45C3-8312-6300DF1599C1}.Release|Any CPU.ActiveCfg = Release|Any CPU
		{35E5DC54-CA1C-45C3-8312-6300DF1599C1}.Release|Any CPU.Build.0 = Release|Any CPU
		{4DC9A16D-A551-4B78-9DC3-6A604FC6F627}.Debug|Any CPU.ActiveCfg = Debug|Any CPU
		{4DC9A16D-A551-4B78-9DC3-6A604FC6F627}.Debug|Any CPU.Build.0 = Debug|Any CPU
		{4DC9A16D-A551-4B78-9DC3-6A604FC6F627}.Release|Any CPU.ActiveCfg = Release|Any CPU
		{4DC9A16D-A551-4B78-9DC3-6A604FC6F627}.Release|Any CPU.Build.0 = Release|Any CPU
	EndGlobalSection
	GlobalSection(SolutionProperties) = preSolution
		HideSolutionNode = FALSE
	EndGlobalSection
	GlobalSection(ExtensibilityGlobals) = postSolution
		SolutionGuid = {8823E67F-5D47-4E52-A829-5555C76635EA}
	EndGlobalSection
	GlobalSection(MonoDevelopProperties) = preSolution
		Policies = $0
		$0.DotNetNamingPolicy = $1
		$1.DirectoryNamespaceAssociation = PrefixedHierarchical
	EndGlobalSection
EndGlobal
